
Microsoft Visual Studio Solution File, Format Version 12.00
# Visual Studio Version 17
VisualStudioVersion = 17.3.32901.215
MinimumVisualStudioVersion = 10.0.40219.1
Project("{FAE04EC0-301F-11D3-BF4B-00C04F79EFBC}") = "DoğruYanlışSayısınaGöreNetHesaplama", "DoğruYanlışSayısınaGöreNetHesaplama\DoğruYanlışSayısınaGöreNetHesaplama.csproj", "{80CB494B-4B4C-4B62-9347-68F54212F3B7}"
EndProject
Global
	GlobalSection(SolutionConfigurationPlatforms) = preSolution
		Debug|Any CPU = Debug|Any CPU
		Release|Any CPU = Release|Any CPU
	EndGlobalSection
	GlobalSection(ProjectConfigurationPlatforms) = postSolution
		{80CB494B-4B4C-4B62-9347-68F54212F3B7}.Debug|Any CPU.ActiveCfg = Debug|Any CPU
		{80CB494B-4B4C-4B62-9347-68F54212F3B7}.Debug|Any CPU.Build.0 = Debug|Any CPU
		{80CB494B-4B4C-4B62-9347-68F54212F3B7}.Release|Any CPU.ActiveCfg = Release|Any CPU
		{80CB494B-4B4C-4B62-9347-68F54212F3B7}.Release|Any CPU.Build.0 = Release|Any CPU
	EndGlobalSection
	GlobalSection(SolutionProperties) = preSolution
		HideSolutionNode = FALSE
	EndGlobalSection
	GlobalSection(ExtensibilityGlobals) = postSolution
		SolutionGuid = {48B1615E-2F54-4D1A-99BA-9444837F03A5}
	EndGlobalSection
EndGlobal
